// !$*UTF8*$!
{
	archiveVersion = 1;
	classes = {
	};
	objectVersion = 77;
	objects = {

/* Begin PBXBuildFile section */
		00883FB9406B3EC3F6AF6BA0 /* ReEntryFormatter.swift in Sources */ = {isa = PBXBuildFile; fileRef = B2CC9623E21597F2A1318E47 /* ReEntryFormatter.swift */; };
		027A4D188B693EC69BA7505B /* SectionCard.swift in Sources */ = {isa = PBXBuildFile; fileRef = 9BF02A72F090C0EFE6EC0EA4 /* SectionCard.swift */; };
		02BE7777583D5AD349F81FF7 /* Assets.xcassets in Resources */ = {isa = PBXBuildFile; fileRef = 1E390ACDBF56732C2089CCCE /* Assets.xcassets */; };
		081C4D036BF9B227232AE7CB /* PlayedTab.swift in Sources */ = {isa = PBXBuildFile; fileRef = 0AB89C8CAA3BA32F28827BF9 /* PlayedTab.swift */; };
		0832A5A8D5F92187B43DAA88 /* GameChip.swift in Sources */ = {isa = PBXBuildFile; fileRef = BB5C1BA97243242977EF542A /* GameChip.swift */; };
		0920601DD68201328DFE0DF7 /* FilterPredicateTests.swift in Sources */ = {isa = PBXBuildFile; fileRef = 396B046CB49E09808AEA8AA4 /* FilterPredicateTests.swift */; };
		0C90E058C33C7EF43BA5B627 /* FavoritesStore.swift in Sources */ = {isa = PBXBuildFile; fileRef = C3F58F6D888EC1FD44FA4FC2 /* FavoritesStore.swift */; };
		172ED31F55BDF4CA534CFED0 /* FeedDocuments.swift in Sources */ = {isa = PBXBuildFile; fileRef = 713ED26C7D061852142D83A3 /* FeedDocuments.swift */; };
		1819556B9DDBBE380A940A1A /* tournaments_seed.json in Resources */ = {isa = PBXBuildFile; fileRef = BDCC072E3C8569F2919E57BC /* tournaments_seed.json */; };
		18D084C8B24F6C7B4F45E43B /* NotificationScheduler.swift in Sources */ = {isa = PBXBuildFile; fileRef = 7D93F68781E5ABD11FC6691B /* NotificationScheduler.swift */; };
		1A8D610DA683C5B55715D37A /* CountdownBadge.swift in Sources */ = {isa = PBXBuildFile; fileRef = C0DA592CD15473B9A7408DD7 /* CountdownBadge.swift */; };
		1CC8638E8B25BDEA5BD8735B /* AppButton.swift in Sources */ = {isa = PBXBuildFile; fileRef = 69ACAAE18D72834DA38B3D26 /* AppButton.swift */; };
		208A49D47956B872749FBE79 /* AppSheetHeader.swift in Sources */ = {isa = PBXBuildFile; fileRef = B18B5152E2F365F533C8DD4D /* AppSheetHeader.swift */; };
		24BB36ACDD86ED174A602B27 /* Inter-OFL.txt in Resources */ = {isa = PBXBuildFile; fileRef = 44BE4A300115873E6FB2188C /* Inter-OFL.txt */; };
		28A5C8B0D81B387BF7FB94DC /* ScheduleTab.swift in Sources */ = {isa = PBXBuildFile; fileRef = 4EFAA3464A33A399EDA21853 /* ScheduleTab.swift */; };
		2A44D6D6F439DD9AC0A6E061 /* GameCategoryStyle.swift in Sources */ = {isa = PBXBuildFile; fileRef = 1827494EA765301AA54437E1 /* GameCategoryStyle.swift */; };
		2A72FA2731845F22F625FDE0 /* JetBrainsMono.ttf in Resources */ = {isa = PBXBuildFile; fileRef = 40E56465388DF119B03C35DB /* JetBrainsMono.ttf */; };
		2D0CA465517BFD247F2877EA /* EventDetail.swift in Sources */ = {isa = PBXBuildFile; fileRef = C25B8CCCA65E5A517352BEEF /* EventDetail.swift */; };
		34981A9DCEC5A34588E9490D /* AppRowBackground.swift in Sources */ = {isa = PBXBuildFile; fileRef = B1B12C5BE100BFDF4E713EF2 /* AppRowBackground.swift */; };
		37254C180055D5FB9E4A3A41 /* MyScheduleTab.swift in Sources */ = {isa = PBXBuildFile; fileRef = F5C1A50AEF7B7A8916E9ACD6 /* MyScheduleTab.swift */; };
		390EA12895B76240F79A943F /* AppRadius.swift in Sources */ = {isa = PBXBuildFile; fileRef = 3654AFC9D13BE80F747BCB17 /* AppRadius.swift */; };
		3942D12395E9597C31A64ABA /* AppColor.swift in Sources */ = {isa = PBXBuildFile; fileRef = BA1CEF827B654A9C957E83C9 /* AppColor.swift */; };
		3B13322FBFD928BE83B4EC9F /* AppSpacing.swift in Sources */ = {isa = PBXBuildFile; fileRef = 15D103C4F53B2F1FD4538F36 /* AppSpacing.swift */; };
		3FBF06BCC2D17E94CB20329F /* VegasPokerGuideApp.swift in Sources */ = {isa = PBXBuildFile; fileRef = DC7AF11F0F0B61B202A985C6 /* VegasPokerGuideApp.swift */; };
		445A1B6117DE9D0B074839B5 /* AppTexture.swift in Sources */ = {isa = PBXBuildFile; fileRef = B6C0212F5AC17639F8A91DCD /* AppTexture.swift */; };
		484645A667E3D83F8BFD1478 /* InterVariable.ttf in Resources */ = {isa = PBXBuildFile; fileRef = 669E0E6003B69AAC60A580B9 /* InterVariable.ttf */; };
		499420AD99BD15D2532B487E /* AppHairline.swift in Sources */ = {isa = PBXBuildFile; fileRef = 0DD4B6CC99BF9C18FA8F7290 /* AppHairline.swift */; };
		4CF172149DC839ACC346EA6C /* AppSearchField.swift in Sources */ = {isa = PBXBuildFile; fileRef = 84DE8947ED8D5BC285719AD7 /* AppSearchField.swift */; };
		4DDED410B5CC557454E4BFF0 /* AppPicker.swift in Sources */ = {isa = PBXBuildFile; fileRef = 806BD6743E3BED903116095D /* AppPicker.swift */; };
		4E9A369FF86E764D70AB6EEF /* CountdownStateTests.swift in Sources */ = {isa = PBXBuildFile; fileRef = 61EAEFD962C35B7E01C29438 /* CountdownStateTests.swift */; };
		511CBF0EBA652AAEA2B3D0D7 /* FilterPredicate.swift in Sources */ = {isa = PBXBuildFile; fileRef = EAF56CCBBCD8A3AA7F8DD472 /* FilterPredicate.swift */; };
		5298FE2E403152E170C7E282 /* EventRow.swift in Sources */ = {isa = PBXBuildFile; fileRef = 995950090B9F7FBC85DDF378 /* EventRow.swift */; };
		53089FF1EE5D91C0878FCC09 /* ReEntryFormatterTests.swift in Sources */ = {isa = PBXBuildFile; fileRef = 233AD99689C3C08AD818BE8B /* ReEntryFormatterTests.swift */; };
		56CC4EC3E7C7E976B8BFF406 /* ConflictDetectorTests.swift in Sources */ = {isa = PBXBuildFile; fileRef = 45F898DC38DF4AB4A45C6E7C /* ConflictDetectorTests.swift */; };
		5A30F257C127BC921A9D2EC8 /* AppTabBar.swift in Sources */ = {isa = PBXBuildFile; fileRef = 7ECAB07F6A37B15A78835100 /* AppTabBar.swift */; };
		5ED34A553FD3B540FBAC7408 /* AppDayHeader.swift in Sources */ = {isa = PBXBuildFile; fileRef = 2172EAB7CDE6FD544C2F5D6E /* AppDayHeader.swift */; };
		60524830626F3B60227FAFCB /* FiltersSheet.swift in Sources */ = {isa = PBXBuildFile; fileRef = 6597D2417ADA335B83746B62 /* FiltersSheet.swift */; };
		6716A99B14E33A4A1CF69E6E /* VenueColor.swift in Sources */ = {isa = PBXBuildFile; fileRef = 6F4D0DAF68E5F7CB12249F5A /* VenueColor.swift */; };
		6A337A0B55C4CF3B14FA6682 /* AppHaptics.swift in Sources */ = {isa = PBXBuildFile; fileRef = 7E5FC981258A2AF44571F7A4 /* AppHaptics.swift */; };
		6E3DBF0922356C00BCB63248 /* AppToolbar.swift in Sources */ = {isa = PBXBuildFile; fileRef = A6A64CF6AACD3457F3675230 /* AppToolbar.swift */; };
		75FE7F9F9B12A2936EFE7597 /* FavoritesStoreTests.swift in Sources */ = {isa = PBXBuildFile; fileRef = 5124379B434732A00D6F87E9 /* FavoritesStoreTests.swift */; };
		7D7419844B2EC57D1D148E48 /* AppState.swift in Sources */ = {isa = PBXBuildFile; fileRef = 915F80E5F17DE17A961D51BC /* AppState.swift */; };
		7D8622B9448B7F05E81444B0 /* JetBrainsMono-OFL.txt in Resources */ = {isa = PBXBuildFile; fileRef = 570581B455350793D459FB7C /* JetBrainsMono-OFL.txt */; };
		7FAFF2ED0A889805CED4312E /* FeedDecodingTests.swift in Sources */ = {isa = PBXBuildFile; fileRef = 967025B276D3EF9211DAA64C /* FeedDecodingTests.swift */; };
		8C6DF012080603DB7F0320B8 /* RootTabs.swift in Sources */ = {isa = PBXBuildFile; fileRef = A46D9E18AD0DC5448AE3F908 /* RootTabs.swift */; };
		8EAD3028019DC36D8198C26A /* InterVariable-Italic.ttf in Resources */ = {isa = PBXBuildFile; fileRef = BED2AFC8DDF637E0B4370953 /* InterVariable-Italic.ttf */; };
		8FB8AA94C3C3BACAF876E44E /* CountdownState.swift in Sources */ = {isa = PBXBuildFile; fileRef = F800B57BB325DD96B1328839 /* CountdownState.swift */; };
		9AAD7C26E2B1D07176CA5460 /* MapsLauncher.swift in Sources */ = {isa = PBXBuildFile; fileRef = 3A3C01E6D93F0B0275A9503A /* MapsLauncher.swift */; };
		A32E573CE4142B8A1E7CEA66 /* Theme.swift in Sources */ = {isa = PBXBuildFile; fileRef = B19E7A02D4E0783B7DF8FE5C /* Theme.swift */; };
		AA0E2CADCDE6AEC68265EDE9 /* SettingsSheet.swift in Sources */ = {isa = PBXBuildFile; fileRef = 33E871E9D868D912F933A274 /* SettingsSheet.swift */; };
		B246FAFD6C79868415FB375E /* FeedDecoder.swift in Sources */ = {isa = PBXBuildFile; fileRef = F359106E6F79F2E4736A8B11 /* FeedDecoder.swift */; };
		B3748249DFA80B3B0B8F15CF /* venues_sample.json in Resources */ = {isa = PBXBuildFile; fileRef = 2C714D49032B3F7F45343426 /* venues_sample.json */; };
		B698A4144018048988FDA97F /* CalendarExporter.swift in Sources */ = {isa = PBXBuildFile; fileRef = 4B49CDFDAF068753D6C4ACE7 /* CalendarExporter.swift */; };
		B728686F14433DBD74580ACD /* ReEntry.swift in Sources */ = {isa = PBXBuildFile; fileRef = F8FE26825E50AC120BC2573B /* ReEntry.swift */; };
		B871C6AFE0CE736BE82F2697 /* StarToggle.swift in Sources */ = {isa = PBXBuildFile; fileRef = 6AF944D7F6CCFA4631CE5082 /* StarToggle.swift */; };
		C999F31A734260FD6622F525 /* Fraunces.ttf in Resources */ = {isa = PBXBuildFile; fileRef = 17D17C3992BDD3E609F4875C /* Fraunces.ttf */; };
		D16489AE373F14BA51C0AADD /* AppShadow.swift in Sources */ = {isa = PBXBuildFile; fileRef = 3121E1FE7ADE415BE3E6E896 /* AppShadow.swift */; };
		DA592B168193A84CED9260EF /* BuyInBadge.swift in Sources */ = {isa = PBXBuildFile; fileRef = 35DDAF45F7D25EA76C14B66E /* BuyInBadge.swift */; };
		DB8CE8D7B57C5F00EEA97129 /* venues_seed.json in Resources */ = {isa = PBXBuildFile; fileRef = F3763548ECCCD6932725B5DE /* venues_seed.json */; };
		DE076B3116D623998A66583E /* GameCategory.swift in Sources */ = {isa = PBXBuildFile; fileRef = CDD2A460C058E6DCC76B1190 /* GameCategory.swift */; };
		E74C89736DA841E1B64BF880 /* FeedCache.swift in Sources */ = {isa = PBXBuildFile; fileRef = AB252C023E7C9381AED56EEC /* FeedCache.swift */; };
		E906CC7332DF888B73AFADCE /* tournaments_sample.json in Resources */ = {isa = PBXBuildFile; fileRef = 7BAD59B1D00B17AF3C457B76 /* tournaments_sample.json */; };
		E9EF729613E8337F39CE3F31 /* Venue.swift in Sources */ = {isa = PBXBuildFile; fileRef = 08B2B0631573ED8F3AE740B2 /* Venue.swift */; };
		EADEC3D0BB2ECF2884B3DE90 /* Fraunces-OFL.txt in Resources */ = {isa = PBXBuildFile; fileRef = AE8AC175719A879DA95A3966 /* Fraunces-OFL.txt */; };
		EB35CA7B4CD6AA1B243DA181 /* Config.swift in Sources */ = {isa = PBXBuildFile; fileRef = 885A3C1DFF2ED31E56707EB1 /* Config.swift */; };
		EF710F076A2768C27005E8B1 /* AppToggle.swift in Sources */ = {isa = PBXBuildFile; fileRef = EB6ADD0186A392F32C497200 /* AppToggle.swift */; };
		F0309BEA74014BA6549A5F17 /* AppEmptyState.swift in Sources */ = {isa = PBXBuildFile; fileRef = 69BE3A8EC99E38440C649A16 /* AppEmptyState.swift */; };
		F165CACE93916BA0FEAEE9CB /* AppFont.swift in Sources */ = {isa = PBXBuildFile; fileRef = 61BFB5DA9C4525FA344D2637 /* AppFont.swift */; };
		F5C01AAB4B4C2228698D3773 /* FeedClient.swift in Sources */ = {isa = PBXBuildFile; fileRef = 08C59425EB78D5C34CF7C87C /* FeedClient.swift */; };
		F5C9F1C35F1667E07A5FF6C1 /* Tournament.swift in Sources */ = {isa = PBXBuildFile; fileRef = 2C64222180623CB93D2F2E4C /* Tournament.swift */; };
		F75008C2CC6A6D79E97787B1 /* VenueChip.swift in Sources */ = {isa = PBXBuildFile; fileRef = DE22E033BE6AC9414257BC31 /* VenueChip.swift */; };
		F765101CD0C01F5F23B5D1E0 /* AppTextField.swift in Sources */ = {isa = PBXBuildFile; fileRef = DBC4E6E805FAD782960340EA /* AppTextField.swift */; };
		FAEF8EB1C4A6E8BF25ADC050 /* ConflictDetector.swift in Sources */ = {isa = PBXBuildFile; fileRef = 77D1D9AD2252C3509F56F5F9 /* ConflictDetector.swift */; };
/* End PBXBuildFile section */

/* Begin PBXContainerItemProxy section */
		C9183D3D9F458FD242FFE522 /* PBXContainerItemProxy */ = {
			isa = PBXContainerItemProxy;
			containerPortal = F5E882CC9BBCF77355509C06 /* Project object */;
			proxyType = 1;
			remoteGlobalIDString = 7880BF4FB2BC0CC157EABE76;
			remoteInfo = VegasPokerGuide;
		};
/* End PBXContainerItemProxy section */

/* Begin PBXFileReference section */
		0201BA7B023B691AB3635CB4 /* .gitkeep */ = {isa = PBXFileReference; path = .gitkeep; sourceTree = "<group>"; };
		08B2B0631573ED8F3AE740B2 /* Venue.swift */ = {isa = PBXFileReference; lastKnownFileType = sourcecode.swift; path = Venue.swift; sourceTree = "<group>"; };
		08C59425EB78D5C34CF7C87C /* FeedClient.swift */ = {isa = PBXFileReference; lastKnownFileType = sourcecode.swift; path = FeedClient.swift; sourceTree = "<group>"; };
		0AB89C8CAA3BA32F28827BF9 /* PlayedTab.swift */ = {isa = PBXFileReference; lastKnownFileType = sourcecode.swift; path = PlayedTab.swift; sourceTree = "<group>"; };
		0DD4B6CC99BF9C18FA8F7290 /* AppHairline.swift */ = {isa = PBXFileReference; lastKnownFileType = sourcecode.swift; path = AppHairline.swift; sourceTree = "<group>"; };
		15D103C4F53B2F1FD4538F36 /* AppSpacing.swift */ = {isa = PBXFileReference; lastKnownFileType = sourcecode.swift; path = AppSpacing.swift; sourceTree = "<group>"; };
		17D17C3992BDD3E609F4875C /* Fraunces.ttf */ = {isa = PBXFileReference; lastKnownFileType = file; path = Fraunces.ttf; sourceTree = "<group>"; };
		1827494EA765301AA54437E1 /* GameCategoryStyle.swift */ = {isa = PBXFileReference; lastKnownFileType = sourcecode.swift; path = GameCategoryStyle.swift; sourceTree = "<group>"; };
		1E390ACDBF56732C2089CCCE /* Assets.xcassets */ = {isa = PBXFileReference; lastKnownFileType = folder.assetcatalog; path = Assets.xcassets; sourceTree = "<group>"; };
		2172EAB7CDE6FD544C2F5D6E /* AppDayHeader.swift */ = {isa = PBXFileReference; lastKnownFileType = sourcecode.swift; path = AppDayHeader.swift; sourceTree = "<group>"; };
		233AD99689C3C08AD818BE8B /* ReEntryFormatterTests.swift */ = {isa = PBXFileReference; lastKnownFileType = sourcecode.swift; path = ReEntryFormatterTests.swift; sourceTree = "<group>"; };
		2C64222180623CB93D2F2E4C /* Tournament.swift */ = {isa = PBXFileReference; lastKnownFileType = sourcecode.swift; path = Tournament.swift; sourceTree = "<group>"; };
		2C714D49032B3F7F45343426 /* venues_sample.json */ = {isa = PBXFileReference; lastKnownFileType = text.json; path = venues_sample.json; sourceTree = "<group>"; };
		3121E1FE7ADE415BE3E6E896 /* AppShadow.swift */ = {isa = PBXFileReference; lastKnownFileType = sourcecode.swift; path = AppShadow.swift; sourceTree = "<group>"; };
		33E871E9D868D912F933A274 /* SettingsSheet.swift */ = {isa = PBXFileReference; lastKnownFileType = sourcecode.swift; path = SettingsSheet.swift; sourceTree = "<group>"; };
		35DDAF45F7D25EA76C14B66E /* BuyInBadge.swift */ = {isa = PBXFileReference; lastKnownFileType = sourcecode.swift; path = BuyInBadge.swift; sourceTree = "<group>"; };
		3654AFC9D13BE80F747BCB17 /* AppRadius.swift */ = {isa = PBXFileReference; lastKnownFileType = sourcecode.swift; path = AppRadius.swift; sourceTree = "<group>"; };
		396B046CB49E09808AEA8AA4 /* FilterPredicateTests.swift */ = {isa = PBXFileReference; lastKnownFileType = sourcecode.swift; path = FilterPredicateTests.swift; sourceTree = "<group>"; };
		3A3C01E6D93F0B0275A9503A /* MapsLauncher.swift */ = {isa = PBXFileReference; lastKnownFileType = sourcecode.swift; path = MapsLauncher.swift; sourceTree = "<group>"; };
		40E56465388DF119B03C35DB /* JetBrainsMono.ttf */ = {isa = PBXFileReference; lastKnownFileType = file; path = JetBrainsMono.ttf; sourceTree = "<group>"; };
		44BE4A300115873E6FB2188C /* Inter-OFL.txt */ = {isa = PBXFileReference; lastKnownFileType = text; path = "Inter-OFL.txt"; sourceTree = "<group>"; };
		45F898DC38DF4AB4A45C6E7C /* ConflictDetectorTests.swift */ = {isa = PBXFileReference; lastKnownFileType = sourcecode.swift; path = ConflictDetectorTests.swift; sourceTree = "<group>"; };
		4B49CDFDAF068753D6C4ACE7 /* CalendarExporter.swift */ = {isa = PBXFileReference; lastKnownFileType = sourcecode.swift; path = CalendarExporter.swift; sourceTree = "<group>"; };
		4EFAA3464A33A399EDA21853 /* ScheduleTab.swift */ = {isa = PBXFileReference; lastKnownFileType = sourcecode.swift; path = ScheduleTab.swift; sourceTree = "<group>"; };
		5124379B434732A00D6F87E9 /* FavoritesStoreTests.swift */ = {isa = PBXFileReference; lastKnownFileType = sourcecode.swift; path = FavoritesStoreTests.swift; sourceTree = "<group>"; };
		570581B455350793D459FB7C /* JetBrainsMono-OFL.txt */ = {isa = PBXFileReference; lastKnownFileType = text; path = "JetBrainsMono-OFL.txt"; sourceTree = "<group>"; };
		61BFB5DA9C4525FA344D2637 /* AppFont.swift */ = {isa = PBXFileReference; lastKnownFileType = sourcecode.swift; path = AppFont.swift; sourceTree = "<group>"; };
		61EAEFD962C35B7E01C29438 /* CountdownStateTests.swift */ = {isa = PBXFileReference; lastKnownFileType = sourcecode.swift; path = CountdownStateTests.swift; sourceTree = "<group>"; };
		6597D2417ADA335B83746B62 /* FiltersSheet.swift */ = {isa = PBXFileReference; lastKnownFileType = sourcecode.swift; path = FiltersSheet.swift; sourceTree = "<group>"; };
		669E0E6003B69AAC60A580B9 /* InterVariable.ttf */ = {isa = PBXFileReference; lastKnownFileType = file; path = InterVariable.ttf; sourceTree = "<group>"; };
		69ACAAE18D72834DA38B3D26 /* AppButton.swift */ = {isa = PBXFileReference; lastKnownFileType = sourcecode.swift; path = AppButton.swift; sourceTree = "<group>"; };
		69BE3A8EC99E38440C649A16 /* AppEmptyState.swift */ = {isa = PBXFileReference; lastKnownFileType = sourcecode.swift; path = AppEmptyState.swift; sourceTree = "<group>"; };
		6AF944D7F6CCFA4631CE5082 /* StarToggle.swift */ = {isa = PBXFileReference; lastKnownFileType = sourcecode.swift; path = StarToggle.swift; sourceTree = "<group>"; };
		6F4D0DAF68E5F7CB12249F5A /* VenueColor.swift */ = {isa = PBXFileReference; lastKnownFileType = sourcecode.swift; path = VenueColor.swift; sourceTree = "<group>"; };
		713ED26C7D061852142D83A3 /* FeedDocuments.swift */ = {isa = PBXFileReference; lastKnownFileType = sourcecode.swift; path = FeedDocuments.swift; sourceTree = "<group>"; };
		77D1D9AD2252C3509F56F5F9 /* ConflictDetector.swift */ = {isa = PBXFileReference; lastKnownFileType = sourcecode.swift; path = ConflictDetector.swift; sourceTree = "<group>"; };
		7BAD59B1D00B17AF3C457B76 /* tournaments_sample.json */ = {isa = PBXFileReference; lastKnownFileType = text.json; path = tournaments_sample.json; sourceTree = "<group>"; };
		7D93F68781E5ABD11FC6691B /* NotificationScheduler.swift */ = {isa = PBXFileReference; lastKnownFileType = sourcecode.swift; path = NotificationScheduler.swift; sourceTree = "<group>"; };
		7E5FC981258A2AF44571F7A4 /* AppHaptics.swift */ = {isa = PBXFileReference; lastKnownFileType = sourcecode.swift; path = AppHaptics.swift; sourceTree = "<group>"; };
		7ECAB07F6A37B15A78835100 /* AppTabBar.swift */ = {isa = PBXFileReference; lastKnownFileType = sourcecode.swift; path = AppTabBar.swift; sourceTree = "<group>"; };
		806BD6743E3BED903116095D /* AppPicker.swift */ = {isa = PBXFileReference; lastKnownFileType = sourcecode.swift; path = AppPicker.swift; sourceTree = "<group>"; };
		84DE8947ED8D5BC285719AD7 /* AppSearchField.swift */ = {isa = PBXFileReference; lastKnownFileType = sourcecode.swift; path = AppSearchField.swift; sourceTree = "<group>"; };
		885A3C1DFF2ED31E56707EB1 /* Config.swift */ = {isa = PBXFileReference; lastKnownFileType = sourcecode.swift; path = Config.swift; sourceTree = "<group>"; };
		915F80E5F17DE17A961D51BC /* AppState.swift */ = {isa = PBXFileReference; lastKnownFileType = sourcecode.swift; path = AppState.swift; sourceTree = "<group>"; };
		94100DD8A5601957AA20FFBD /* VegasPokerGuideTests.xctest */ = {isa = PBXFileReference; includeInIndex = 0; lastKnownFileType = wrapper.cfbundle; path = VegasPokerGuideTests.xctest; sourceTree = BUILT_PRODUCTS_DIR; };
		967025B276D3EF9211DAA64C /* FeedDecodingTests.swift */ = {isa = PBXFileReference; lastKnownFileType = sourcecode.swift; path = FeedDecodingTests.swift; sourceTree = "<group>"; };
		995950090B9F7FBC85DDF378 /* EventRow.swift */ = {isa = PBXFileReference; lastKnownFileType = sourcecode.swift; path = EventRow.swift; sourceTree = "<group>"; };
		9BF02A72F090C0EFE6EC0EA4 /* SectionCard.swift */ = {isa = PBXFileReference; lastKnownFileType = sourcecode.swift; path = SectionCard.swift; sourceTree = "<group>"; };
		A46D9E18AD0DC5448AE3F908 /* RootTabs.swift */ = {isa = PBXFileReference; lastKnownFileType = sourcecode.swift; path = RootTabs.swift; sourceTree = "<group>"; };
		A6A64CF6AACD3457F3675230 /* AppToolbar.swift */ = {isa = PBXFileReference; lastKnownFileType = sourcecode.swift; path = AppToolbar.swift; sourceTree = "<group>"; };
		A915DECEA1B9512AB66FDAD8 /* Info.plist */ = {isa = PBXFileReference; lastKnownFileType = text.plist; path = Info.plist; sourceTree = "<group>"; };
		AB252C023E7C9381AED56EEC /* FeedCache.swift */ = {isa = PBXFileReference; lastKnownFileType = sourcecode.swift; path = FeedCache.swift; sourceTree = "<group>"; };
		AE8AC175719A879DA95A3966 /* Fraunces-OFL.txt */ = {isa = PBXFileReference; lastKnownFileType = text; path = "Fraunces-OFL.txt"; sourceTree = "<group>"; };
		B18B5152E2F365F533C8DD4D /* AppSheetHeader.swift */ = {isa = PBXFileReference; lastKnownFileType = sourcecode.swift; path = AppSheetHeader.swift; sourceTree = "<group>"; };
		B19E7A02D4E0783B7DF8FE5C /* Theme.swift */ = {isa = PBXFileReference; lastKnownFileType = sourcecode.swift; path = Theme.swift; sourceTree = "<group>"; };
		B1B12C5BE100BFDF4E713EF2 /* AppRowBackground.swift */ = {isa = PBXFileReference; lastKnownFileType = sourcecode.swift; path = AppRowBackground.swift; sourceTree = "<group>"; };
		B2CC9623E21597F2A1318E47 /* ReEntryFormatter.swift */ = {isa = PBXFileReference; lastKnownFileType = sourcecode.swift; path = ReEntryFormatter.swift; sourceTree = "<group>"; };
		B6C0212F5AC17639F8A91DCD /* AppTexture.swift */ = {isa = PBXFileReference; lastKnownFileType = sourcecode.swift; path = AppTexture.swift; sourceTree = "<group>"; };
		BA1CEF827B654A9C957E83C9 /* AppColor.swift */ = {isa = PBXFileReference; lastKnownFileType = sourcecode.swift; path = AppColor.swift; sourceTree = "<group>"; };
		BB5C1BA97243242977EF542A /* GameChip.swift */ = {isa = PBXFileReference; lastKnownFileType = sourcecode.swift; path = GameChip.swift; sourceTree = "<group>"; };
		BDCC072E3C8569F2919E57BC /* tournaments_seed.json */ = {isa = PBXFileReference; lastKnownFileType = text.json; path = tournaments_seed.json; sourceTree = "<group>"; };
		BED2AFC8DDF637E0B4370953 /* InterVariable-Italic.ttf */ = {isa = PBXFileReference; lastKnownFileType = file; path = "InterVariable-Italic.ttf"; sourceTree = "<group>"; };
		C0DA592CD15473B9A7408DD7 /* CountdownBadge.swift */ = {isa = PBXFileReference; lastKnownFileType = sourcecode.swift; path = CountdownBadge.swift; sourceTree = "<group>"; };
		C25B8CCCA65E5A517352BEEF /* EventDetail.swift */ = {isa = PBXFileReference; lastKnownFileType = sourcecode.swift; path = EventDetail.swift; sourceTree = "<group>"; };
		C3F58F6D888EC1FD44FA4FC2 /* FavoritesStore.swift */ = {isa = PBXFileReference; lastKnownFileType = sourcecode.swift; path = FavoritesStore.swift; sourceTree = "<group>"; };
		CDD2A460C058E6DCC76B1190 /* GameCategory.swift */ = {isa = PBXFileReference; lastKnownFileType = sourcecode.swift; path = GameCategory.swift; sourceTree = "<group>"; };
		D9307B6A8C243954E599411D /* VegasPokerGuide.app */ = {isa = PBXFileReference; includeInIndex = 0; lastKnownFileType = wrapper.application; path = VegasPokerGuide.app; sourceTree = BUILT_PRODUCTS_DIR; };
		DBC4E6E805FAD782960340EA /* AppTextField.swift */ = {isa = PBXFileReference; lastKnownFileType = sourcecode.swift; path = AppTextField.swift; sourceTree = "<group>"; };
		DC7AF11F0F0B61B202A985C6 /* VegasPokerGuideApp.swift */ = {isa = PBXFileReference; lastKnownFileType = sourcecode.swift; path = VegasPokerGuideApp.swift; sourceTree = "<group>"; };
		DE22E033BE6AC9414257BC31 /* VenueChip.swift */ = {isa = PBXFileReference; lastKnownFileType = sourcecode.swift; path = VenueChip.swift; sourceTree = "<group>"; };
		EAF56CCBBCD8A3AA7F8DD472 /* FilterPredicate.swift */ = {isa = PBXFileReference; lastKnownFileType = sourcecode.swift; path = FilterPredicate.swift; sourceTree = "<group>"; };
		EB6ADD0186A392F32C497200 /* AppToggle.swift */ = {isa = PBXFileReference; lastKnownFileType = sourcecode.swift; path = AppToggle.swift; sourceTree = "<group>"; };
		F359106E6F79F2E4736A8B11 /* FeedDecoder.swift */ = {isa = PBXFileReference; lastKnownFileType = sourcecode.swift; path = FeedDecoder.swift; sourceTree = "<group>"; };
		F3763548ECCCD6932725B5DE /* venues_seed.json */ = {isa = PBXFileReference; lastKnownFileType = text.json; path = venues_seed.json; sourceTree = "<group>"; };
		F5C1A50AEF7B7A8916E9ACD6 /* MyScheduleTab.swift */ = {isa = PBXFileReference; lastKnownFileType = sourcecode.swift; path = MyScheduleTab.swift; sourceTree = "<group>"; };
		F800B57BB325DD96B1328839 /* CountdownState.swift */ = {isa = PBXFileReference; lastKnownFileType = sourcecode.swift; path = CountdownState.swift; sourceTree = "<group>"; };
		F8FE26825E50AC120BC2573B /* ReEntry.swift */ = {isa = PBXFileReference; lastKnownFileType = sourcecode.swift; path = ReEntry.swift; sourceTree = "<group>"; };
/* End PBXFileReference section */

/* Begin PBXGroup section */
		0344711E01FDA829B77FD92D /* Views */ = {
			isa = PBXGroup;
			children = (
				C25B8CCCA65E5A517352BEEF /* EventDetail.swift */,
				6597D2417ADA335B83746B62 /* FiltersSheet.swift */,
				F5C1A50AEF7B7A8916E9ACD6 /* MyScheduleTab.swift */,
				0AB89C8CAA3BA32F28827BF9 /* PlayedTab.swift */,
				A46D9E18AD0DC5448AE3F908 /* RootTabs.swift */,
				4EFAA3464A33A399EDA21853 /* ScheduleTab.swift */,
				33E871E9D868D912F933A274 /* SettingsSheet.swift */,
				80554B8509EFFA77E8DFBE01 /* Components */,
			);
			path = Views;
			sourceTree = "<group>";
		};
		1FE2D2332C462989A90F105F /* Tokens */ = {
			isa = PBXGroup;
			children = (
				BA1CEF827B654A9C957E83C9 /* AppColor.swift */,
				61BFB5DA9C4525FA344D2637 /* AppFont.swift */,
				0DD4B6CC99BF9C18FA8F7290 /* AppHairline.swift */,
				3654AFC9D13BE80F747BCB17 /* AppRadius.swift */,
				3121E1FE7ADE415BE3E6E896 /* AppShadow.swift */,
				15D103C4F53B2F1FD4538F36 /* AppSpacing.swift */,
			);
			path = Tokens;
			sourceTree = "<group>";
		};
		24EA179EF9F38BB12B278319 /* Sources */ = {
			isa = PBXGroup;
			children = (
				B9CBF7A1CD07740526A1F7BA /* App */,
				DAD9B2AAC0610CDF68FF86F9 /* DesignSystem */,
				A7945D42C501C32F9EC20160 /* Logic */,
				F56D50745120F337F91862BD /* Models */,
				39E9890FF10B085B01A579A8 /* Resources */,
				A6A7E8B3EF916206B648345F /* Services */,
				0344711E01FDA829B77FD92D /* Views */,
			);
			path = Sources;
			sourceTree = "<group>";
		};
		39E9890FF10B085B01A579A8 /* Resources */ = {
			isa = PBXGroup;
			children = (
				1E390ACDBF56732C2089CCCE /* Assets.xcassets */,
				A915DECEA1B9512AB66FDAD8 /* Info.plist */,
				BDCC072E3C8569F2919E57BC /* tournaments_seed.json */,
				F3763548ECCCD6932725B5DE /* venues_seed.json */,
				91D8FE861AAD451EAAB29F7D /* Fonts */,
			);
			path = Resources;
			sourceTree = "<group>";
		};
		80554B8509EFFA77E8DFBE01 /* Components */ = {
			isa = PBXGroup;
			children = (
				995950090B9F7FBC85DDF378 /* EventRow.swift */,
			);
			path = Components;
			sourceTree = "<group>";
		};
		905356BE3DB88D67CE9AD6E3 /* Tests */ = {
			isa = PBXGroup;
			children = (
				45F898DC38DF4AB4A45C6E7C /* ConflictDetectorTests.swift */,
				61EAEFD962C35B7E01C29438 /* CountdownStateTests.swift */,
				5124379B434732A00D6F87E9 /* FavoritesStoreTests.swift */,
				967025B276D3EF9211DAA64C /* FeedDecodingTests.swift */,
				396B046CB49E09808AEA8AA4 /* FilterPredicateTests.swift */,
				233AD99689C3C08AD818BE8B /* ReEntryFormatterTests.swift */,
				C74B6CBA677789A47F22466C /* Fixtures */,
			);
			path = Tests;
			sourceTree = "<group>";
		};
		91D8FE861AAD451EAAB29F7D /* Fonts */ = {
			isa = PBXGroup;
			children = (
				AE8AC175719A879DA95A3966 /* Fraunces-OFL.txt */,
				17D17C3992BDD3E609F4875C /* Fraunces.ttf */,
				44BE4A300115873E6FB2188C /* Inter-OFL.txt */,
				BED2AFC8DDF637E0B4370953 /* InterVariable-Italic.ttf */,
				669E0E6003B69AAC60A580B9 /* InterVariable.ttf */,
				570581B455350793D459FB7C /* JetBrainsMono-OFL.txt */,
				40E56465388DF119B03C35DB /* JetBrainsMono.ttf */,
			);
			path = Fonts;
			sourceTree = "<group>";
		};
		A6A7E8B3EF916206B648345F /* Services */ = {
			isa = PBXGroup;
			children = (
				4B49CDFDAF068753D6C4ACE7 /* CalendarExporter.swift */,
				C3F58F6D888EC1FD44FA4FC2 /* FavoritesStore.swift */,
				AB252C023E7C9381AED56EEC /* FeedCache.swift */,
				08C59425EB78D5C34CF7C87C /* FeedClient.swift */,
				F359106E6F79F2E4736A8B11 /* FeedDecoder.swift */,
				3A3C01E6D93F0B0275A9503A /* MapsLauncher.swift */,
				7D93F68781E5ABD11FC6691B /* NotificationScheduler.swift */,
			);
			path = Services;
			sourceTree = "<group>";
		};
		A7945D42C501C32F9EC20160 /* Logic */ = {
			isa = PBXGroup;
			children = (
				77D1D9AD2252C3509F56F5F9 /* ConflictDetector.swift */,
				F800B57BB325DD96B1328839 /* CountdownState.swift */,
				EAF56CCBBCD8A3AA7F8DD472 /* FilterPredicate.swift */,
				B2CC9623E21597F2A1318E47 /* ReEntryFormatter.swift */,
			);
			path = Logic;
			sourceTree = "<group>";
		};
		B9CBF7A1CD07740526A1F7BA /* App */ = {
			isa = PBXGroup;
			children = (
				915F80E5F17DE17A961D51BC /* AppState.swift */,
				885A3C1DFF2ED31E56707EB1 /* Config.swift */,
				DC7AF11F0F0B61B202A985C6 /* VegasPokerGuideApp.swift */,
			);
			path = App;
			sourceTree = "<group>";
		};
		C74B6CBA677789A47F22466C /* Fixtures */ = {
			isa = PBXGroup;
			children = (
				0201BA7B023B691AB3635CB4 /* .gitkeep */,
				7BAD59B1D00B17AF3C457B76 /* tournaments_sample.json */,
				2C714D49032B3F7F45343426 /* venues_sample.json */,
			);
			path = Fixtures;
			sourceTree = "<group>";
		};
		D5A7FB1FA76606FEE02C26C3 /* Components */ = {
			isa = PBXGroup;
			children = (
				69ACAAE18D72834DA38B3D26 /* AppButton.swift */,
				2172EAB7CDE6FD544C2F5D6E /* AppDayHeader.swift */,
				69BE3A8EC99E38440C649A16 /* AppEmptyState.swift */,
				806BD6743E3BED903116095D /* AppPicker.swift */,
				B1B12C5BE100BFDF4E713EF2 /* AppRowBackground.swift */,
				84DE8947ED8D5BC285719AD7 /* AppSearchField.swift */,
				B18B5152E2F365F533C8DD4D /* AppSheetHeader.swift */,
				7ECAB07F6A37B15A78835100 /* AppTabBar.swift */,
				DBC4E6E805FAD782960340EA /* AppTextField.swift */,
				EB6ADD0186A392F32C497200 /* AppToggle.swift */,
				A6A64CF6AACD3457F3675230 /* AppToolbar.swift */,
				35DDAF45F7D25EA76C14B66E /* BuyInBadge.swift */,
				C0DA592CD15473B9A7408DD7 /* CountdownBadge.swift */,
				BB5C1BA97243242977EF542A /* GameChip.swift */,
				9BF02A72F090C0EFE6EC0EA4 /* SectionCard.swift */,
				6AF944D7F6CCFA4631CE5082 /* StarToggle.swift */,
				DE22E033BE6AC9414257BC31 /* VenueChip.swift */,
			);
			path = Components;
			sourceTree = "<group>";
		};
		DAD9B2AAC0610CDF68FF86F9 /* DesignSystem */ = {
			isa = PBXGroup;
			children = (
				1827494EA765301AA54437E1 /* GameCategoryStyle.swift */,
				B19E7A02D4E0783B7DF8FE5C /* Theme.swift */,
				6F4D0DAF68E5F7CB12249F5A /* VenueColor.swift */,
				D5A7FB1FA76606FEE02C26C3 /* Components */,
				F8187292501AC494B4059D20 /* Materials */,
				1FE2D2332C462989A90F105F /* Tokens */,
			);
			path = DesignSystem;
			sourceTree = "<group>";
		};
		EBC2E646568CD37955D21908 = {
			isa = PBXGroup;
			children = (
				24EA179EF9F38BB12B278319 /* Sources */,
				905356BE3DB88D67CE9AD6E3 /* Tests */,
				F2FB69442B3190CE11B0628F /* Products */,
			);
			sourceTree = "<group>";
		};
		F2FB69442B3190CE11B0628F /* Products */ = {
			isa = PBXGroup;
			children = (
				D9307B6A8C243954E599411D /* VegasPokerGuide.app */,
				94100DD8A5601957AA20FFBD /* VegasPokerGuideTests.xctest */,
			);
			name = Products;
			sourceTree = "<group>";
		};
		F56D50745120F337F91862BD /* Models */ = {
			isa = PBXGroup;
			children = (
				713ED26C7D061852142D83A3 /* FeedDocuments.swift */,
				CDD2A460C058E6DCC76B1190 /* GameCategory.swift */,
				F8FE26825E50AC120BC2573B /* ReEntry.swift */,
				2C64222180623CB93D2F2E4C /* Tournament.swift */,
				08B2B0631573ED8F3AE740B2 /* Venue.swift */,
			);
			path = Models;
			sourceTree = "<group>";
		};
		F8187292501AC494B4059D20 /* Materials */ = {
			isa = PBXGroup;
			children = (
				7E5FC981258A2AF44571F7A4 /* AppHaptics.swift */,
				B6C0212F5AC17639F8A91DCD /* AppTexture.swift */,
			);
			path = Materials;
			sourceTree = "<group>";
		};
/* End PBXGroup section */

/* Begin PBXNativeTarget section */
		079B169E58B672DE735C8F35 /* VegasPokerGuideTests */ = {
			isa = PBXNativeTarget;
			buildConfigurationList = 423F3ADFEAD6537E97D5935C /* Build configuration list for PBXNativeTarget "VegasPokerGuideTests" */;
			buildPhases = (
				98507A976C227D289EF66D5A /* Sources */,
				5A65D5E078540AAD25D5CF1B /* Resources */,
			);
			buildRules = (
			);
			dependencies = (
				BA105D3825B74D97F52B9C21 /* PBXTargetDependency */,
			);
			name = VegasPokerGuideTests;
			packageProductDependencies = (
			);
			productName = VegasPokerGuideTests;
			productReference = 94100DD8A5601957AA20FFBD /* VegasPokerGuideTests.xctest */;
			productType = "com.apple.product-type.bundle.unit-test";
		};
		7880BF4FB2BC0CC157EABE76 /* VegasPokerGuide */ = {
			isa = PBXNativeTarget;
			buildConfigurationList = 395A4177768EDC45959D8A54 /* Build configuration list for PBXNativeTarget "VegasPokerGuide" */;
			buildPhases = (
				3C7E4FE4CD0C9DDCFB816589 /* Regenerate Xcode project from project.yml when out of sync */,
				F8F2E265FCA6112EDE534EB7 /* Sources */,
				C3806F9F5DB4CFE377BA5AB0 /* Resources */,
			);
			buildRules = (
			);
			dependencies = (
			);
			name = VegasPokerGuide;
			packageProductDependencies = (
			);
			productName = VegasPokerGuide;
			productReference = D9307B6A8C243954E599411D /* VegasPokerGuide.app */;
			productType = "com.apple.product-type.application";
		};
/* End PBXNativeTarget section */

/* Begin PBXProject section */
		F5E882CC9BBCF77355509C06 /* Project object */ = {
			isa = PBXProject;
			attributes = {
				BuildIndependentTargetsInParallel = YES;
				LastUpgradeCheck = 1430;
				TargetAttributes = {
					079B169E58B672DE735C8F35 = {
						DevelopmentTeam = "";
						ProvisioningStyle = Automatic;
					};
					7880BF4FB2BC0CC157EABE76 = {
						DevelopmentTeam = "";
						ProvisioningStyle = Automatic;
					};
				};
			};
			buildConfigurationList = A891ADDBD77AA296BF4319A4 /* Build configuration list for PBXProject "VegasPokerGuide" */;
			compatibilityVersion = "Xcode 14.0";
			developmentRegion = en;
			hasScannedForEncodings = 0;
			knownRegions = (
				Base,
				en,
			);
			mainGroup = EBC2E646568CD37955D21908;
			minimizedProjectReferenceProxies = 1;
			preferredProjectObjectVersion = 77;
			projectDirPath = "";
			projectRoot = "";
			targets = (
				7880BF4FB2BC0CC157EABE76 /* VegasPokerGuide */,
				079B169E58B672DE735C8F35 /* VegasPokerGuideTests */,
			);
		};
/* End PBXProject section */

/* Begin PBXResourcesBuildPhase section */
		5A65D5E078540AAD25D5CF1B /* Resources */ = {
			isa = PBXResourcesBuildPhase;
			buildActionMask = 2147483647;
			files = (
				E906CC7332DF888B73AFADCE /* tournaments_sample.json in Resources */,
				B3748249DFA80B3B0B8F15CF /* venues_sample.json in Resources */,
			);
			runOnlyForDeploymentPostprocessing = 0;
		};
		C3806F9F5DB4CFE377BA5AB0 /* Resources */ = {
			isa = PBXResourcesBuildPhase;
			buildActionMask = 2147483647;
			files = (
				02BE7777583D5AD349F81FF7 /* Assets.xcassets in Resources */,
				EADEC3D0BB2ECF2884B3DE90 /* Fraunces-OFL.txt in Resources */,
				C999F31A734260FD6622F525 /* Fraunces.ttf in Resources */,
				24BB36ACDD86ED174A602B27 /* Inter-OFL.txt in Resources */,
				8EAD3028019DC36D8198C26A /* InterVariable-Italic.ttf in Resources */,
				484645A667E3D83F8BFD1478 /* InterVariable.ttf in Resources */,
				7D8622B9448B7F05E81444B0 /* JetBrainsMono-OFL.txt in Resources */,
				2A72FA2731845F22F625FDE0 /* JetBrainsMono.ttf in Resources */,
				1819556B9DDBBE380A940A1A /* tournaments_seed.json in Resources */,
				DB8CE8D7B57C5F00EEA97129 /* venues_seed.json in Resources */,
			);
			runOnlyForDeploymentPostprocessing = 0;
		};
/* End PBXResourcesBuildPhase section */

/* Begin PBXShellScriptBuildPhase section */
		3C7E4FE4CD0C9DDCFB816589 /* Regenerate Xcode project from project.yml when out of sync */ = {
			isa = PBXShellScriptBuildPhase;
			alwaysOutOfDate = 1;
			buildActionMask = 2147483647;
			files = (
			);
			inputFileListPaths = (
			);
			inputPaths = (
			);
			name = "Regenerate Xcode project from project.yml when out of sync";
			outputFileListPaths = (
			);
			outputPaths = (
			);
			runOnlyForDeploymentPostprocessing = 0;
			shellPath = /bin/sh;
			shellScript = "set -e\ncd \"${SRCROOT}\"\nPBXPROJ=\"${SRCROOT}/VegasPokerGuide.xcodeproj/project.pbxproj\"\nNEEDS_REGEN=0\nif [ ! -f \"$PBXPROJ\" ] || [ \"project.yml\" -nt \"$PBXPROJ\" ]; then\n  NEEDS_REGEN=1\nelif find Sources Tests -type d -newer \"$PBXPROJ\" -print -quit 2>/dev/null | grep -q .; then\n  NEEDS_REGEN=1\nfi\nif [ \"$NEEDS_REGEN\" = \"0\" ]; then exit 0; fi\nif command -v xcodegen >/dev/null 2>&1; then XCODEGEN=xcodegen\nelif [ -x /opt/homebrew/bin/xcodegen ]; then XCODEGEN=/opt/homebrew/bin/xcodegen\nelif [ -x /usr/local/bin/xcodegen ]; then XCODEGEN=/usr/local/bin/xcodegen\nelse echo \"warning: install xcodegen via 'brew install xcodegen'\"; exit 0; fi\n\"$XCODEGEN\" generate\necho \"warning: Regenerated VegasPokerGuide.xcodeproj — close and reopen if files appear missing.\"\n";
		};
/* End PBXShellScriptBuildPhase section */

/* Begin PBXSourcesBuildPhase section */
		98507A976C227D289EF66D5A /* Sources */ = {
			isa = PBXSourcesBuildPhase;
			buildActionMask = 2147483647;
			files = (
				56CC4EC3E7C7E976B8BFF406 /* ConflictDetectorTests.swift in Sources */,
				4E9A369FF86E764D70AB6EEF /* CountdownStateTests.swift in Sources */,
				75FE7F9F9B12A2936EFE7597 /* FavoritesStoreTests.swift in Sources */,
				7FAFF2ED0A889805CED4312E /* FeedDecodingTests.swift in Sources */,
				0920601DD68201328DFE0DF7 /* FilterPredicateTests.swift in Sources */,
				53089FF1EE5D91C0878FCC09 /* ReEntryFormatterTests.swift in Sources */,
			);
			runOnlyForDeploymentPostprocessing = 0;
		};
		F8F2E265FCA6112EDE534EB7 /* Sources */ = {
			isa = PBXSourcesBuildPhase;
			buildActionMask = 2147483647;
			files = (
				1CC8638E8B25BDEA5BD8735B /* AppButton.swift in Sources */,
				3942D12395E9597C31A64ABA /* AppColor.swift in Sources */,
				5ED34A553FD3B540FBAC7408 /* AppDayHeader.swift in Sources */,
				F0309BEA74014BA6549A5F17 /* AppEmptyState.swift in Sources */,
				F165CACE93916BA0FEAEE9CB /* AppFont.swift in Sources */,
				499420AD99BD15D2532B487E /* AppHairline.swift in Sources */,
				6A337A0B55C4CF3B14FA6682 /* AppHaptics.swift in Sources */,
				4DDED410B5CC557454E4BFF0 /* AppPicker.swift in Sources */,
				390EA12895B76240F79A943F /* AppRadius.swift in Sources */,
				34981A9DCEC5A34588E9490D /* AppRowBackground.swift in Sources */,
				4CF172149DC839ACC346EA6C /* AppSearchField.swift in Sources */,
				D16489AE373F14BA51C0AADD /* AppShadow.swift in Sources */,
				208A49D47956B872749FBE79 /* AppSheetHeader.swift in Sources */,
				3B13322FBFD928BE83B4EC9F /* AppSpacing.swift in Sources */,
				7D7419844B2EC57D1D148E48 /* AppState.swift in Sources */,
				5A30F257C127BC921A9D2EC8 /* AppTabBar.swift in Sources */,
				F765101CD0C01F5F23B5D1E0 /* AppTextField.swift in Sources */,
				445A1B6117DE9D0B074839B5 /* AppTexture.swift in Sources */,
				EF710F076A2768C27005E8B1 /* AppToggle.swift in Sources */,
				6E3DBF0922356C00BCB63248 /* AppToolbar.swift in Sources */,
				DA592B168193A84CED9260EF /* BuyInBadge.swift in Sources */,
				B698A4144018048988FDA97F /* CalendarExporter.swift in Sources */,
				EB35CA7B4CD6AA1B243DA181 /* Config.swift in Sources */,
				FAEF8EB1C4A6E8BF25ADC050 /* ConflictDetector.swift in Sources */,
				1A8D610DA683C5B55715D37A /* CountdownBadge.swift in Sources */,
				8FB8AA94C3C3BACAF876E44E /* CountdownState.swift in Sources */,
				2D0CA465517BFD247F2877EA /* EventDetail.swift in Sources */,
				5298FE2E403152E170C7E282 /* EventRow.swift in Sources */,
				0C90E058C33C7EF43BA5B627 /* FavoritesStore.swift in Sources */,
				E74C89736DA841E1B64BF880 /* FeedCache.swift in Sources */,
				F5C01AAB4B4C2228698D3773 /* FeedClient.swift in Sources */,
				B246FAFD6C79868415FB375E /* FeedDecoder.swift in Sources */,
				172ED31F55BDF4CA534CFED0 /* FeedDocuments.swift in Sources */,
				511CBF0EBA652AAEA2B3D0D7 /* FilterPredicate.swift in Sources */,
				60524830626F3B60227FAFCB /* FiltersSheet.swift in Sources */,
				DE076B3116D623998A66583E /* GameCategory.swift in Sources */,
				2A44D6D6F439DD9AC0A6E061 /* GameCategoryStyle.swift in Sources */,
				0832A5A8D5F92187B43DAA88 /* GameChip.swift in Sources */,
				9AAD7C26E2B1D07176CA5460 /* MapsLauncher.swift in Sources */,
				37254C180055D5FB9E4A3A41 /* MyScheduleTab.swift in Sources */,
				18D084C8B24F6C7B4F45E43B /* NotificationScheduler.swift in Sources */,
				081C4D036BF9B227232AE7CB /* PlayedTab.swift in Sources */,
				B728686F14433DBD74580ACD /* ReEntry.swift in Sources */,
				00883FB9406B3EC3F6AF6BA0 /* ReEntryFormatter.swift in Sources */,
				8C6DF012080603DB7F0320B8 /* RootTabs.swift in Sources */,
				28A5C8B0D81B387BF7FB94DC /* ScheduleTab.swift in Sources */,
				027A4D188B693EC69BA7505B /* SectionCard.swift in Sources */,
				AA0E2CADCDE6AEC68265EDE9 /* SettingsSheet.swift in Sources */,
				B871C6AFE0CE736BE82F2697 /* StarToggle.swift in Sources */,
				A32E573CE4142B8A1E7CEA66 /* Theme.swift in Sources */,
				F5C9F1C35F1667E07A5FF6C1 /* Tournament.swift in Sources */,
				3FBF06BCC2D17E94CB20329F /* VegasPokerGuideApp.swift in Sources */,
				E9EF729613E8337F39CE3F31 /* Venue.swift in Sources */,
				F75008C2CC6A6D79E97787B1 /* VenueChip.swift in Sources */,
				6716A99B14E33A4A1CF69E6E /* VenueColor.swift in Sources */,
			);
			runOnlyForDeploymentPostprocessing = 0;
		};
/* End PBXSourcesBuildPhase section */

/* Begin PBXTargetDependency section */
		BA105D3825B74D97F52B9C21 /* PBXTargetDependency */ = {
			isa = PBXTargetDependency;
			target = 7880BF4FB2BC0CC157EABE76 /* VegasPokerGuide */;
			targetProxy = C9183D3D9F458FD242FFE522 /* PBXContainerItemProxy */;
		};
/* End PBXTargetDependency section */

/* Begin XCBuildConfiguration section */
		05D2EDF86FCBB7B5B9C6872F /* Debug */ = {
			isa = XCBuildConfiguration;
			buildSettings = {
				ASSETCATALOG_COMPILER_APPICON_NAME = AppIcon;
				CODE_SIGN_IDENTITY = "iPhone Developer";
				INFOPLIST_FILE = Sources/Resources/Info.plist;
				LD_RUNPATH_SEARCH_PATHS = (
					"$(inherited)",
					"@executable_path/Frameworks",
				);
				PRODUCT_BUNDLE_IDENTIFIER = com.gyndok.VegasPokerGuide;
				SDKROOT = iphoneos;
				TARGETED_DEVICE_FAMILY = 1;
			};
			name = Debug;
		};
		3B262D06E28270559073EC1D /* Debug */ = {
			isa = XCBuildConfiguration;
			buildSettings = {
				ALWAYS_SEARCH_USER_PATHS = NO;
				CLANG_ANALYZER_NONNULL = YES;
				CLANG_ANALYZER_NUMBER_OBJECT_CONVERSION = YES_AGGRESSIVE;
				CLANG_CXX_LANGUAGE_STANDARD = "gnu++14";
				CLANG_CXX_LIBRARY = "libc++";
				CLANG_ENABLE_MODULES = YES;
				CLANG_ENABLE_OBJC_ARC = YES;
				CLANG_ENABLE_OBJC_WEAK = YES;
				CLANG_WARN_BLOCK_CAPTURE_AUTORELEASING = YES;
				CLANG_WARN_BOOL_CONVERSION = YES;
				CLANG_WARN_COMMA = YES;
				CLANG_WARN_CONSTANT_CONVERSION = YES;
				CLANG_WARN_DEPRECATED_OBJC_IMPLEMENTATIONS = YES;
				CLANG_WARN_DIRECT_OBJC_ISA_USAGE = YES_ERROR;
				CLANG_WARN_DOCUMENTATION_COMMENTS = YES;
				CLANG_WARN_EMPTY_BODY = YES;
				CLANG_WARN_ENUM_CONVERSION = YES;
				CLANG_WARN_INFINITE_RECURSION = YES;
				CLANG_WARN_INT_CONVERSION = YES;
				CLANG_WARN_NON_LITERAL_NULL_CONVERSION = YES;
				CLANG_WARN_OBJC_IMPLICIT_RETAIN_SELF = YES;
				CLANG_WARN_OBJC_LITERAL_CONVERSION = YES;
				CLANG_WARN_OBJC_ROOT_CLASS = YES_ERROR;
				CLANG_WARN_QUOTED_INCLUDE_IN_FRAMEWORK_HEADER = YES;
				CLANG_WARN_RANGE_LOOP_ANALYSIS = YES;
				CLANG_WARN_STRICT_PROTOTYPES = YES;
				CLANG_WARN_SUSPICIOUS_MOVE = YES;
				CLANG_WARN_UNGUARDED_AVAILABILITY = YES_AGGRESSIVE;
				CLANG_WARN_UNREACHABLE_CODE = YES;
				CLANG_WARN__DUPLICATE_METHOD_MATCH = YES;
				CODE_SIGN_STYLE = Automatic;
				COPY_PHASE_STRIP = NO;
				CURRENT_PROJECT_VERSION = 1;
				DEBUG_INFORMATION_FORMAT = dwarf;
				DEVELOPMENT_TEAM = "";
				ENABLE_STRICT_OBJC_MSGSEND = YES;
				ENABLE_TESTABILITY = YES;
				GCC_C_LANGUAGE_STANDARD = gnu11;
				GCC_DYNAMIC_NO_PIC = NO;
				GCC_NO_COMMON_BLOCKS = YES;
				GCC_OPTIMIZATION_LEVEL = 0;
				GCC_PREPROCESSOR_DEFINITIONS = (
					"$(inherited)",
					"DEBUG=1",
				);
				GCC_WARN_64_TO_32_BIT_CONVERSION = YES;
				GCC_WARN_ABOUT_RETURN_TYPE = YES_ERROR;
				GCC_WARN_UNDECLARED_SELECTOR = YES;
				GCC_WARN_UNINITIALIZED_AUTOS = YES_AGGRESSIVE;
				GCC_WARN_UNUSED_FUNCTION = YES;
				GCC_WARN_UNUSED_VARIABLE = YES;
				IPHONEOS_DEPLOYMENT_TARGET = 17.0;
				MARKETING_VERSION = 0.1.0;
				MTL_ENABLE_DEBUG_INFO = INCLUDE_SOURCE;
				MTL_FAST_MATH = YES;
				ONLY_ACTIVE_ARCH = YES;
				PRODUCT_NAME = "$(TARGET_NAME)";
				SDKROOT = iphoneos;
				SUPPORTED_PLATFORMS = "iphoneos iphonesimulator";
				SWIFT_ACTIVE_COMPILATION_CONDITIONS = DEBUG;
				SWIFT_OPTIMIZATION_LEVEL = "-Onone";
				SWIFT_VERSION = 5.10;
			};
			name = Debug;
		};
		46080BE468B6C9E8EDE5615E /* Release */ = {
			isa = XCBuildConfiguration;
			buildSettings = {
				BUNDLE_LOADER = "$(TEST_HOST)";
				GENERATE_INFOPLIST_FILE = YES;
				LD_RUNPATH_SEARCH_PATHS = (
					"$(inherited)",
					"@executable_path/Frameworks",
					"@loader_path/Frameworks",
				);
				PRODUCT_BUNDLE_IDENTIFIER = com.gyndok.VegasPokerGuideTests;
				SDKROOT = iphoneos;
				TARGETED_DEVICE_FAMILY = "1,2";
				TEST_HOST = "$(BUILT_PRODUCTS_DIR)/VegasPokerGuide.app/VegasPokerGuide";
			};
			name = Release;
		};
		4742869D111D3FF8F6011F60 /* Release */ = {
			isa = XCBuildConfiguration;
			buildSettings = {
				ALWAYS_SEARCH_USER_PATHS = NO;
				CLANG_ANALYZER_NONNULL = YES;
				CLANG_ANALYZER_NUMBER_OBJECT_CONVERSION = YES_AGGRESSIVE;
				CLANG_CXX_LANGUAGE_STANDARD = "gnu++14";
				CLANG_CXX_LIBRARY = "libc++";
				CLANG_ENABLE_MODULES = YES;
				CLANG_ENABLE_OBJC_ARC = YES;
				CLANG_ENABLE_OBJC_WEAK = YES;
				CLANG_WARN_BLOCK_CAPTURE_AUTORELEASING = YES;
				CLANG_WARN_BOOL_CONVERSION = YES;
				CLANG_WARN_COMMA = YES;
				CLANG_WARN_CONSTANT_CONVERSION = YES;
				CLANG_WARN_DEPRECATED_OBJC_IMPLEMENTATIONS = YES;
				CLANG_WARN_DIRECT_OBJC_ISA_USAGE = YES_ERROR;
				CLANG_WARN_DOCUMENTATION_COMMENTS = YES;
				CLANG_WARN_EMPTY_BODY = YES;
				CLANG_WARN_ENUM_CONVERSION = YES;
				CLANG_WARN_INFINITE_RECURSION = YES;
				CLANG_WARN_INT_CONVERSION = YES;
				CLANG_WARN_NON_LITERAL_NULL_CONVERSION = YES;
				CLANG_WARN_OBJC_IMPLICIT_RETAIN_SELF = YES;
				CLANG_WARN_OBJC_LITERAL_CONVERSION = YES;
				CLANG_WARN_OBJC_ROOT_CLASS = YES_ERROR;
				CLANG_WARN_QUOTED_INCLUDE_IN_FRAMEWORK_HEADER = YES;
				CLANG_WARN_RANGE_LOOP_ANALYSIS = YES;
				CLANG_WARN_STRICT_PROTOTYPES = YES;
				CLANG_WARN_SUSPICIOUS_MOVE = YES;
				CLANG_WARN_UNGUARDED_AVAILABILITY = YES_AGGRESSIVE;
				CLANG_WARN_UNREACHABLE_CODE = YES;
				CLANG_WARN__DUPLICATE_METHOD_MATCH = YES;
				CODE_SIGN_STYLE = Automatic;
				COPY_PHASE_STRIP = NO;
				CURRENT_PROJECT_VERSION = 1;
				DEBUG_INFORMATION_FORMAT = "dwarf-with-dsym";
				DEVELOPMENT_TEAM = "";
				ENABLE_NS_ASSERTIONS = NO;
				ENABLE_STRICT_OBJC_MSGSEND = YES;
				GCC_C_LANGUAGE_STANDARD = gnu11;
				GCC_NO_COMMON_BLOCKS = YES;
				GCC_WARN_64_TO_32_BIT_CONVERSION = YES;
				GCC_WARN_ABOUT_RETURN_TYPE = YES_ERROR;
				GCC_WARN_UNDECLARED_SELECTOR = YES;
				GCC_WARN_UNINITIALIZED_AUTOS = YES_AGGRESSIVE;
				GCC_WARN_UNUSED_FUNCTION = YES;
				GCC_WARN_UNUSED_VARIABLE = YES;
				IPHONEOS_DEPLOYMENT_TARGET = 17.0;
				MARKETING_VERSION = 0.1.0;
				MTL_ENABLE_DEBUG_INFO = NO;
				MTL_FAST_MATH = YES;
				PRODUCT_NAME = "$(TARGET_NAME)";
				SDKROOT = iphoneos;
				SUPPORTED_PLATFORMS = "iphoneos iphonesimulator";
				SWIFT_COMPILATION_MODE = wholemodule;
				SWIFT_OPTIMIZATION_LEVEL = "-O";
				SWIFT_VERSION = 5.10;
			};
			name = Release;
		};
		8F79D18C6A8464FD01732069 /* Debug */ = {
			isa = XCBuildConfiguration;
			buildSettings = {
				BUNDLE_LOADER = "$(TEST_HOST)";
				GENERATE_INFOPLIST_FILE = YES;
				LD_RUNPATH_SEARCH_PATHS = (
					"$(inherited)",
					"@executable_path/Frameworks",
					"@loader_path/Frameworks",
				);
				PRODUCT_BUNDLE_IDENTIFIER = com.gyndok.VegasPokerGuideTests;
				SDKROOT = iphoneos;
				TARGETED_DEVICE_FAMILY = "1,2";
				TEST_HOST = "$(BUILT_PRODUCTS_DIR)/VegasPokerGuide.app/VegasPokerGuide";
			};
			name = Debug;
		};
		DBCE01119EE606E2EC4AE446 /* Release */ = {
			isa = XCBuildConfiguration;
			buildSettings = {
				ASSETCATALOG_COMPILER_APPICON_NAME = AppIcon;
				CODE_SIGN_IDENTITY = "iPhone Developer";
				INFOPLIST_FILE = Sources/Resources/Info.plist;
				LD_RUNPATH_SEARCH_PATHS = (
					"$(inherited)",
					"@executable_path/Frameworks",
				);
				PRODUCT_BUNDLE_IDENTIFIER = com.gyndok.VegasPokerGuide;
				SDKROOT = iphoneos;
				TARGETED_DEVICE_FAMILY = 1;
			};
			name = Release;
		};
/* End XCBuildConfiguration section */

/* Begin XCConfigurationList section */
		395A4177768EDC45959D8A54 /* Build configuration list for PBXNativeTarget "VegasPokerGuide" */ = {
			isa = XCConfigurationList;
			buildConfigurations = (
				05D2EDF86FCBB7B5B9C6872F /* Debug */,
				DBCE01119EE606E2EC4AE446 /* Release */,
			);
			defaultConfigurationIsVisible = 0;
			defaultConfigurationName = Debug;
		};
		423F3ADFEAD6537E97D5935C /* Build configuration list for PBXNativeTarget "VegasPokerGuideTests" */ = {
			isa = XCConfigurationList;
			buildConfigurations = (
				8F79D18C6A8464FD01732069 /* Debug */,
				46080BE468B6C9E8EDE5615E /* Release */,
			);
			defaultConfigurationIsVisible = 0;
			defaultConfigurationName = Debug;
		};
		A891ADDBD77AA296BF4319A4 /* Build configuration list for PBXProject "VegasPokerGuide" */ = {
			isa = XCConfigurationList;
			buildConfigurations = (
				3B262D06E28270559073EC1D /* Debug */,
				4742869D111D3FF8F6011F60 /* Release */,
			);
			defaultConfigurationIsVisible = 0;
			defaultConfigurationName = Debug;
		};
/* End XCConfigurationList section */
	};
	rootObject = F5E882CC9BBCF77355509C06 /* Project object */;
}
